
Microsoft Visual Studio Solution File, Format Version 12.00
# Visual Studio Version 17
VisualStudioVersion = 17.0.32126.317
MinimumVisualStudioVersion = 10.0.40219.1
Project("{2150E333-8FDC-42A3-9474-1A3956D46DE8}") = "src", "src", "{BBCA0A5D-8165-465A-B764-6BECD8840B1B}"
EndProject
Project("{2150E333-8FDC-42A3-9474-1A3956D46DE8}") = "ApiGateway", "ApiGateway", "{D2C960FF-30F2-40E7-8AD1-763C6374A0EC}"
EndProject
Project("{2150E333-8FDC-42A3-9474-1A3956D46DE8}") = "Services", "Services", "{0609A0BF-0320-47F6-BE7E-C140B382B493}"
EndProject
Project("{2150E333-8FDC-42A3-9474-1A3956D46DE8}") = "WebApp", "WebApp", "{2E0EBC3A-BAB3-4873-B3C4-29CB02355557}"
EndProject
Project("{2150E333-8FDC-42A3-9474-1A3956D46DE8}") = "Common", "Common", "{51A85D39-DDB9-4D56-9EC9-798408EB76C5}"
EndProject
Project("{2150E333-8FDC-42A3-9474-1A3956D46DE8}") = "Order", "Order", "{17030A02-88C0-4165-99A6-CA09AF6C75A7}"
EndProject
Project("{2150E333-8FDC-42A3-9474-1A3956D46DE8}") = "Products", "Products", "{81B66453-B64D-4CB3-9259-99DC74665C5D}"
EndProject
Project("{2150E333-8FDC-42A3-9474-1A3956D46DE8}") = "Sourcing", "Sourcing", "{5CEA4147-36B3-42C6-B258-9D8FA5ED4ED4}"
EndProject
Project("{9A19103F-16F7-4668-BE54-9A1E7A4F7556}") = "ESourcing.Products", "src\Services\Products\ESourcing.Products\ESourcing.Products.csproj", "{04C8506E-EB77-46AD-A991-8E588C7CD433}"
EndProject
Project("{E53339B2-1760-4266-BCC7-CA923CBCF16C}") = "docker-compose", "docker-compose.dcproj", "{7FEE6097-BB73-4E10-99EE-4A7FCC97D725}"
EndProject
Project("{9A19103F-16F7-4668-BE54-9A1E7A4F7556}") = "ESourcing.Sourcing", "src\Services\Sourcing\ESourcing.Sourcing\ESourcing.Sourcing.csproj", "{AC40BCA5-8516-4E34-AC77-83E5D3EFF0BA}"
EndProject
Project("{FAE04EC0-301F-11D3-BF4B-00C04F79EFBC}") = "EventBusRabbitMQ", "src\Services\Common\EventBusRabbitMQ\EventBusRabbitMQ.csproj", "{815E3ACD-80F7-4F68-9499-0E771364CF77}"
EndProject
Global
	GlobalSection(SolutionConfigurationPlatforms) = preSolution
		Debug|Any CPU = Debug|Any CPU
		Release|Any CPU = Release|Any CPU
	EndGlobalSection
	GlobalSection(ProjectConfigurationPlatforms) = postSolution
		{04C8506E-EB77-46AD-A991-8E588C7CD433}.Debug|Any CPU.ActiveCfg = Debug|Any CPU
		{04C8506E-EB77-46AD-A991-8E588C7CD433}.Debug|Any CPU.Build.0 = Debug|Any CPU
		{04C8506E-EB77-46AD-A991-8E588C7CD433}.Release|Any CPU.ActiveCfg = Release|Any CPU
		{04C8506E-EB77-46AD-A991-8E588C7CD433}.Release|Any CPU.Build.0 = Release|Any CPU
		{7FEE6097-BB73-4E10-99EE-4A7FCC97D725}.Debug|Any CPU.ActiveCfg = Debug|Any CPU
		{7FEE6097-BB73-4E10-99EE-4A7FCC97D725}.Debug|Any CPU.Build.0 = Debug|Any CPU
		{7FEE6097-BB73-4E10-99EE-4A7FCC97D725}.Release|Any CPU.ActiveCfg = Release|Any CPU
		{7FEE6097-BB73-4E10-99EE-4A7FCC97D725}.Release|Any CPU.Build.0 = Release|Any CPU
		{AC40BCA5-8516-4E34-AC77-83E5D3EFF0BA}.Debug|Any CPU.ActiveCfg = Debug|Any CPU
		{AC40BCA5-8516-4E34-AC77-83E5D3EFF0BA}.Debug|Any CPU.Build.0 = Debug|Any CPU
		{AC40BCA5-8516-4E34-AC77-83E5D3EFF0BA}.Release|Any CPU.ActiveCfg = Release|Any CPU
		{AC40BCA5-8516-4E34-AC77-83E5D3EFF0BA}.Release|Any CPU.Build.0 = Release|Any CPU
		{815E3ACD-80F7-4F68-9499-0E771364CF77}.Debug|Any CPU.ActiveCfg = Debug|Any CPU
		{815E3ACD-80F7-4F68-9499-0E771364CF77}.Debug|Any CPU.Build.0 = Debug|Any CPU
		{815E3ACD-80F7-4F68-9499-0E771364CF77}.Release|Any CPU.ActiveCfg = Release|Any CPU
		{815E3ACD-80F7-4F68-9499-0E771364CF77}.Release|Any CPU.Build.0 = Release|Any CPU
	EndGlobalSection
	GlobalSection(SolutionProperties) = preSolution
		HideSolutionNode = FALSE
	EndGlobalSection
	GlobalSection(NestedProjects) = preSolution
		{D2C960FF-30F2-40E7-8AD1-763C6374A0EC} = {BBCA0A5D-8165-465A-B764-6BECD8840B1B}
		{0609A0BF-0320-47F6-BE7E-C140B382B493} = {BBCA0A5D-8165-465A-B764-6BECD8840B1B}
		{2E0EBC3A-BAB3-4873-B3C4-29CB02355557} = {BBCA0A5D-8165-465A-B764-6BECD8840B1B}
		{51A85D39-DDB9-4D56-9EC9-798408EB76C5} = {0609A0BF-0320-47F6-BE7E-C140B382B493}
		{17030A02-88C0-4165-99A6-CA09AF6C75A7} = {0609A0BF-0320-47F6-BE7E-C140B382B493}
		{81B66453-B64D-4CB3-9259-99DC74665C5D} = {0609A0BF-0320-47F6-BE7E-C140B382B493}
		{5CEA4147-36B3-42C6-B258-9D8FA5ED4ED4} = {0609A0BF-0320-47F6-BE7E-C140B382B493}
		{04C8506E-EB77-46AD-A991-8E588C7CD433} = {81B66453-B64D-4CB3-9259-99DC74665C5D}
		{AC40BCA5-8516-4E34-AC77-83E5D3EFF0BA} = {5CEA4147-36B3-42C6-B258-9D8FA5ED4ED4}
		{815E3ACD-80F7-4F68-9499-0E771364CF77} = {51A85D39-DDB9-4D56-9EC9-798408EB76C5}
	EndGlobalSection
	GlobalSection(ExtensibilityGlobals) = postSolution
		SolutionGuid = {20A86045-0C5E-48C8-AEA5-6CF06802E97C}
	EndGlobalSection
EndGlobal
